
Microsoft Visual Studio Solution File, Format Version 12.00
Project("{FAE04EC0-301F-11D3-BF4B-00C04F79EFBC}") = "MapApp", "MapApp\MapApp.csproj", "{6E8917FF-D6E5-4D26-AE1F-86D3A5C43EE8}"
EndProject
Project("{2150E333-8FDC-42A3-9474-1A3956D46DE8}") = "Auth", "Auth", "{A5F99400-BC1A-44BC-B3D7-854759A3EC5D}"
EndProject
Project("{FAE04EC0-301F-11D3-BF4B-00C04F79EFBC}") = "Auth.API", "Auth.API\Auth.API.csproj", "{F80CD35B-FFD6-40BC-95B7-CA026A024DF7}"
EndProject
Project("{2150E333-8FDC-42A3-9474-1A3956D46DE8}") = "Infrastructure", "Infrastructure", "{AE97E1C3-A7F1-4559-8239-E245C60420CD}"
EndProject
Project("{FAE04EC0-301F-11D3-BF4B-00C04F79EFBC}") = "Infrastructure.Data", "Infrastructure.Data\Infrastructure.Data.csproj", "{FDBAE13F-E592-4956-8784-F416E6E6D3C7}"
EndProject
Project("{FAE04EC0-301F-11D3-BF4B-00C04F79EFBC}") = "Auth.Data", "Auth.Data\Auth.Data.csproj", "{D27391F0-98CC-4810-8D02-43022FC1E660}"
EndProject
Global
	GlobalSection(SolutionConfigurationPlatforms) = preSolution
		Debug|Any CPU = Debug|Any CPU
		Release|Any CPU = Release|Any CPU
	EndGlobalSection
	GlobalSection(ProjectConfigurationPlatforms) = postSolution
		{6E8917FF-D6E5-4D26-AE1F-86D3A5C43EE8}.Debug|Any CPU.ActiveCfg = Debug|Any CPU
		{6E8917FF-D6E5-4D26-AE1F-86D3A5C43EE8}.Debug|Any CPU.Build.0 = Debug|Any CPU
		{6E8917FF-D6E5-4D26-AE1F-86D3A5C43EE8}.Release|Any CPU.ActiveCfg = Release|Any CPU
		{6E8917FF-D6E5-4D26-AE1F-86D3A5C43EE8}.Release|Any CPU.Build.0 = Release|Any CPU
		{F80CD35B-FFD6-40BC-95B7-CA026A024DF7}.Debug|Any CPU.ActiveCfg = Debug|Any CPU
		{F80CD35B-FFD6-40BC-95B7-CA026A024DF7}.Debug|Any CPU.Build.0 = Debug|Any CPU
		{F80CD35B-FFD6-40BC-95B7-CA026A024DF7}.Release|Any CPU.ActiveCfg = Release|Any CPU
		{F80CD35B-FFD6-40BC-95B7-CA026A024DF7}.Release|Any CPU.Build.0 = Release|Any CPU
		{FDBAE13F-E592-4956-8784-F416E6E6D3C7}.Debug|Any CPU.ActiveCfg = Debug|Any CPU
		{FDBAE13F-E592-4956-8784-F416E6E6D3C7}.Debug|Any CPU.Build.0 = Debug|Any CPU
		{FDBAE13F-E592-4956-8784-F416E6E6D3C7}.Release|Any CPU.ActiveCfg = Release|Any CPU
		{FDBAE13F-E592-4956-8784-F416E6E6D3C7}.Release|Any CPU.Build.0 = Release|Any CPU
		{D27391F0-98CC-4810-8D02-43022FC1E660}.Debug|Any CPU.ActiveCfg = Debug|Any CPU
		{D27391F0-98CC-4810-8D02-43022FC1E660}.Debug|Any CPU.Build.0 = Debug|Any CPU
		{D27391F0-98CC-4810-8D02-43022FC1E660}.Release|Any CPU.ActiveCfg = Release|Any CPU
		{D27391F0-98CC-4810-8D02-43022FC1E660}.Release|Any CPU.Build.0 = Release|Any CPU
	EndGlobalSection
	GlobalSection(NestedProjects) = preSolution
		{F80CD35B-FFD6-40BC-95B7-CA026A024DF7} = {A5F99400-BC1A-44BC-B3D7-854759A3EC5D}
		{FDBAE13F-E592-4956-8784-F416E6E6D3C7} = {AE97E1C3-A7F1-4559-8239-E245C60420CD}
		{D27391F0-98CC-4810-8D02-43022FC1E660} = {A5F99400-BC1A-44BC-B3D7-854759A3EC5D}
	EndGlobalSection
EndGlobal
