
Microsoft Visual Studio Solution File, Format Version 12.00
Project("{FAE04EC0-301F-11D3-BF4B-00C04F79EFBC}") = "MapApp", "MapApp\MapApp.csproj", "{6E8917FF-D6E5-4D26-AE1F-86D3A5C43EE8}"
EndProject
Project("{2150E333-8FDC-42A3-9474-1A3956D46DE8}") = "Auth", "Auth", "{A5F99400-BC1A-44BC-B3D7-854759A3EC5D}"
EndProject
Project("{FAE04EC0-301F-11D3-BF4B-00C04F79EFBC}") = "Auth.API", "Auth.API\Auth.API.csproj", "{F80CD35B-FFD6-40BC-95B7-CA026A024DF7}"
EndProject
Project("{2150E333-8FDC-42A3-9474-1A3956D46DE8}") = "Infrastructure", "Infrastructure", "{AE97E1C3-A7F1-4559-8239-E245C60420CD}"
EndProject
Project("{FAE04EC0-301F-11D3-BF4B-00C04F79EFBC}") = "Infrastructure.Data", "Infrastructure.Data\Infrastructure.Data.csproj", "{FDBAE13F-E592-4956-8784-F416E6E6D3C7}"
EndProject
Project("{FAE04EC0-301F-11D3-BF4B-00C04F79EFBC}") = "Auth.Data", "Auth.Data\Auth.Data.csproj", "{D27391F0-98CC-4810-8D02-43022FC1E660}"
EndProject
Project("{FAE04EC0-301F-11D3-BF4B-00C04F79EFBC}") = "Map.API", "Map.API\Map.API.csproj", "{B9CFC5CF-4122-4950-86C1-123674E627C8}"
EndProject
Project("{FAE04EC0-301F-11D3-BF4B-00C04F79EFBC}") = "Map.Data", "Map.Data\Map.Data.csproj", "{C0396B40-4F1C-4533-905A-A81ADD35F4D3}"
EndProject
Project("{FAE04EC0-301F-11D3-BF4B-00C04F79EFBC}") = "Garage.Data", "Garage.Data\Garage.Data.csproj", "{EB461E14-6402-4287-A66E-6D718FE6BDA6}"
EndProject
Project("{FAE04EC0-301F-11D3-BF4B-00C04F79EFBC}") = "Garage.API", "Garage.API\Garage.API.csproj", "{D449CA3D-DF2C-498B-B0D3-F06226DE0A57}"
EndProject
Project("{FAE04EC0-301F-11D3-BF4B-00C04F79EFBC}") = "Garage.Types.API", "Garage.Types.API\Garage.Types.API.csproj", "{1C0CAAF8-DE90-48FF-A6C6-FF2BB1F250CB}"
EndProject
Project("{FAE04EC0-301F-11D3-BF4B-00C04F79EFBC}") = "Garage.Types.Data", "Garage.Types.Data\Garage.Types.Data.csproj", "{BE698C4B-EDBE-4324-876B-DFEA00FF94A1}"
EndProject
Project("{FAE04EC0-301F-11D3-BF4B-00C04F79EFBC}") = "GarageApp", "GarageApp\GarageApp.csproj", "{4608B8B2-4DF4-4DE4-814A-1A751D95EB17}"
EndProject
Project("{FAE04EC0-301F-11D3-BF4B-00C04F79EFBC}") = "Entities.Class", "Entities.Class\Entities.Class.csproj", "{69178B7B-8BF7-4A29-86FD-B830DA539F15}"
EndProject
Global
	GlobalSection(SolutionConfigurationPlatforms) = preSolution
		Debug|Any CPU = Debug|Any CPU
		Release|Any CPU = Release|Any CPU
	EndGlobalSection
	GlobalSection(ProjectConfigurationPlatforms) = postSolution
		{6E8917FF-D6E5-4D26-AE1F-86D3A5C43EE8}.Debug|Any CPU.ActiveCfg = Debug|Any CPU
		{6E8917FF-D6E5-4D26-AE1F-86D3A5C43EE8}.Debug|Any CPU.Build.0 = Debug|Any CPU
		{6E8917FF-D6E5-4D26-AE1F-86D3A5C43EE8}.Release|Any CPU.ActiveCfg = Release|Any CPU
		{6E8917FF-D6E5-4D26-AE1F-86D3A5C43EE8}.Release|Any CPU.Build.0 = Release|Any CPU
		{F80CD35B-FFD6-40BC-95B7-CA026A024DF7}.Debug|Any CPU.ActiveCfg = Debug|Any CPU
		{F80CD35B-FFD6-40BC-95B7-CA026A024DF7}.Debug|Any CPU.Build.0 = Debug|Any CPU
		{F80CD35B-FFD6-40BC-95B7-CA026A024DF7}.Release|Any CPU.ActiveCfg = Release|Any CPU
		{F80CD35B-FFD6-40BC-95B7-CA026A024DF7}.Release|Any CPU.Build.0 = Release|Any CPU
		{FDBAE13F-E592-4956-8784-F416E6E6D3C7}.Debug|Any CPU.ActiveCfg = Debug|Any CPU
		{FDBAE13F-E592-4956-8784-F416E6E6D3C7}.Debug|Any CPU.Build.0 = Debug|Any CPU
		{FDBAE13F-E592-4956-8784-F416E6E6D3C7}.Release|Any CPU.ActiveCfg = Release|Any CPU
		{FDBAE13F-E592-4956-8784-F416E6E6D3C7}.Release|Any CPU.Build.0 = Release|Any CPU
		{D27391F0-98CC-4810-8D02-43022FC1E660}.Debug|Any CPU.ActiveCfg = Debug|Any CPU
		{D27391F0-98CC-4810-8D02-43022FC1E660}.Debug|Any CPU.Build.0 = Debug|Any CPU
		{D27391F0-98CC-4810-8D02-43022FC1E660}.Release|Any CPU.ActiveCfg = Release|Any CPU
		{D27391F0-98CC-4810-8D02-43022FC1E660}.Release|Any CPU.Build.0 = Release|Any CPU
		{B9CFC5CF-4122-4950-86C1-123674E627C8}.Debug|Any CPU.ActiveCfg = Debug|Any CPU
		{B9CFC5CF-4122-4950-86C1-123674E627C8}.Debug|Any CPU.Build.0 = Debug|Any CPU
		{B9CFC5CF-4122-4950-86C1-123674E627C8}.Release|Any CPU.ActiveCfg = Release|Any CPU
		{B9CFC5CF-4122-4950-86C1-123674E627C8}.Release|Any CPU.Build.0 = Release|Any CPU
		{C0396B40-4F1C-4533-905A-A81ADD35F4D3}.Debug|Any CPU.ActiveCfg = Debug|Any CPU
		{C0396B40-4F1C-4533-905A-A81ADD35F4D3}.Debug|Any CPU.Build.0 = Debug|Any CPU
		{C0396B40-4F1C-4533-905A-A81ADD35F4D3}.Release|Any CPU.ActiveCfg = Release|Any CPU
		{C0396B40-4F1C-4533-905A-A81ADD35F4D3}.Release|Any CPU.Build.0 = Release|Any CPU
		{EB461E14-6402-4287-A66E-6D718FE6BDA6}.Debug|Any CPU.ActiveCfg = Debug|Any CPU
		{EB461E14-6402-4287-A66E-6D718FE6BDA6}.Debug|Any CPU.Build.0 = Debug|Any CPU
		{EB461E14-6402-4287-A66E-6D718FE6BDA6}.Release|Any CPU.ActiveCfg = Release|Any CPU
		{EB461E14-6402-4287-A66E-6D718FE6BDA6}.Release|Any CPU.Build.0 = Release|Any CPU
		{D449CA3D-DF2C-498B-B0D3-F06226DE0A57}.Debug|Any CPU.ActiveCfg = Debug|Any CPU
		{D449CA3D-DF2C-498B-B0D3-F06226DE0A57}.Debug|Any CPU.Build.0 = Debug|Any CPU
		{D449CA3D-DF2C-498B-B0D3-F06226DE0A57}.Release|Any CPU.ActiveCfg = Release|Any CPU
		{D449CA3D-DF2C-498B-B0D3-F06226DE0A57}.Release|Any CPU.Build.0 = Release|Any CPU
		{1C0CAAF8-DE90-48FF-A6C6-FF2BB1F250CB}.Debug|Any CPU.ActiveCfg = Debug|Any CPU
		{1C0CAAF8-DE90-48FF-A6C6-FF2BB1F250CB}.Debug|Any CPU.Build.0 = Debug|Any CPU
		{1C0CAAF8-DE90-48FF-A6C6-FF2BB1F250CB}.Release|Any CPU.ActiveCfg = Release|Any CPU
		{1C0CAAF8-DE90-48FF-A6C6-FF2BB1F250CB}.Release|Any CPU.Build.0 = Release|Any CPU
		{BE698C4B-EDBE-4324-876B-DFEA00FF94A1}.Debug|Any CPU.ActiveCfg = Debug|Any CPU
		{BE698C4B-EDBE-4324-876B-DFEA00FF94A1}.Debug|Any CPU.Build.0 = Debug|Any CPU
		{BE698C4B-EDBE-4324-876B-DFEA00FF94A1}.Release|Any CPU.ActiveCfg = Release|Any CPU
		{BE698C4B-EDBE-4324-876B-DFEA00FF94A1}.Release|Any CPU.Build.0 = Release|Any CPU
		{4608B8B2-4DF4-4DE4-814A-1A751D95EB17}.Debug|Any CPU.ActiveCfg = Debug|Any CPU
		{4608B8B2-4DF4-4DE4-814A-1A751D95EB17}.Debug|Any CPU.Build.0 = Debug|Any CPU
		{4608B8B2-4DF4-4DE4-814A-1A751D95EB17}.Release|Any CPU.ActiveCfg = Release|Any CPU
		{4608B8B2-4DF4-4DE4-814A-1A751D95EB17}.Release|Any CPU.Build.0 = Release|Any CPU
		{69178B7B-8BF7-4A29-86FD-B830DA539F15}.Debug|Any CPU.ActiveCfg = Debug|Any CPU
		{69178B7B-8BF7-4A29-86FD-B830DA539F15}.Debug|Any CPU.Build.0 = Debug|Any CPU
		{69178B7B-8BF7-4A29-86FD-B830DA539F15}.Release|Any CPU.ActiveCfg = Release|Any CPU
		{69178B7B-8BF7-4A29-86FD-B830DA539F15}.Release|Any CPU.Build.0 = Release|Any CPU
	EndGlobalSection
	GlobalSection(NestedProjects) = preSolution
		{F80CD35B-FFD6-40BC-95B7-CA026A024DF7} = {A5F99400-BC1A-44BC-B3D7-854759A3EC5D}
		{FDBAE13F-E592-4956-8784-F416E6E6D3C7} = {AE97E1C3-A7F1-4559-8239-E245C60420CD}
		{D27391F0-98CC-4810-8D02-43022FC1E660} = {A5F99400-BC1A-44BC-B3D7-854759A3EC5D}
	EndGlobalSection
EndGlobal
